
Microsoft Visual Studio Solution File, Format Version 12.00
# Visual Studio 14
VisualStudioVersion = 14.0.25420.1
MinimumVisualStudioVersion = 10.0.40219.1
Project("{FAE04EC0-301F-11D3-BF4B-00C04F79EFBC}") = "Core", "Core\Core.csproj", "{D7D65602-7B00-44AC-95FF-25A6F54E41B0}"
EndProject
Project("{FAE04EC0-301F-11D3-BF4B-00C04F79EFBC}") = "WebUI", "WebUI\WebUI.csproj", "{20F89AD6-42AA-4DAB-AEBC-26992EB239AD}"
EndProject
Project("{FAE04EC0-301F-11D3-BF4B-00C04F79EFBC}") = "IntegrationTests", "IntegrationTests\IntegrationTests.csproj", "{9A6CA58A-F870-4594-BE45-F6A770266BC1}"
EndProject
Project("{FAE04EC0-301F-11D3-BF4B-00C04F79EFBC}") = "Build", "Build\Build.csproj", "{FF2F51B1-57A0-4775-A7F9-FDB8D797B384}"
EndProject
Project("{FAE04EC0-301F-11D3-BF4B-00C04F79EFBC}") = "UnitTests", "UnitTests\UnitTests.csproj", "{17A8CB32-0698-432A-8A0D-2F17B120F703}"
EndProject
Project("{2150E333-8FDC-42A3-9474-1A3956D46DE8}") = "Tests", "Tests", "{A9C918E8-1E45-4DAC-AF86-5E2CBD01FD8F}"
	ProjectSection(SolutionItems) = preProject
		app.config = app.config
	EndProjectSection
EndProject
Project("{2150E333-8FDC-42A3-9474-1A3956D46DE8}") = "Business Rules", "Business Rules", "{8313890C-47D1-46EF-A972-07CC9FD1EA9B}"
EndProject
Project("{2150E333-8FDC-42A3-9474-1A3956D46DE8}") = "External", "External", "{60E34C9F-5D39-410E-8EB0-79B3B4026354}"
EndProject
Project("{FAE04EC0-301F-11D3-BF4B-00C04F79EFBC}") = "DependencyManagement", "DependencyManagement\DependencyManagement.csproj", "{10F890B4-3442-4CDA-AC75-60F3651A7249}"
EndProject
Project("{FAE04EC0-301F-11D3-BF4B-00C04F79EFBC}") = "Logging", "Logging\Logging.csproj", "{275A7880-6916-4BA9-9252-26BD0B43D10A}"
EndProject
Project("{FAE04EC0-301F-11D3-BF4B-00C04F79EFBC}") = "Data", "Data\Data.csproj", "{B5666D5C-30CC-429C-9620-9ECC777C3449}"
EndProject
Project("{FAE04EC0-301F-11D3-BF4B-00C04F79EFBC}") = "Email", "Email\Email.csproj", "{6B31E772-ED15-43CF-98E6-5D7BEEB297EA}"
EndProject
Global
	GlobalSection(SolutionConfigurationPlatforms) = preSolution
		Debug|Any CPU = Debug|Any CPU
		Release|Any CPU = Release|Any CPU
	EndGlobalSection
	GlobalSection(ProjectConfigurationPlatforms) = postSolution
		{D7D65602-7B00-44AC-95FF-25A6F54E41B0}.Debug|Any CPU.ActiveCfg = Debug|Any CPU
		{D7D65602-7B00-44AC-95FF-25A6F54E41B0}.Debug|Any CPU.Build.0 = Debug|Any CPU
		{D7D65602-7B00-44AC-95FF-25A6F54E41B0}.Release|Any CPU.ActiveCfg = Release|Any CPU
		{D7D65602-7B00-44AC-95FF-25A6F54E41B0}.Release|Any CPU.Build.0 = Release|Any CPU
		{20F89AD6-42AA-4DAB-AEBC-26992EB239AD}.Debug|Any CPU.ActiveCfg = Debug|Any CPU
		{20F89AD6-42AA-4DAB-AEBC-26992EB239AD}.Debug|Any CPU.Build.0 = Debug|Any CPU
		{20F89AD6-42AA-4DAB-AEBC-26992EB239AD}.Release|Any CPU.ActiveCfg = Release|Any CPU
		{20F89AD6-42AA-4DAB-AEBC-26992EB239AD}.Release|Any CPU.Build.0 = Release|Any CPU
		{9A6CA58A-F870-4594-BE45-F6A770266BC1}.Debug|Any CPU.ActiveCfg = Debug|Any CPU
		{9A6CA58A-F870-4594-BE45-F6A770266BC1}.Debug|Any CPU.Build.0 = Debug|Any CPU
		{9A6CA58A-F870-4594-BE45-F6A770266BC1}.Release|Any CPU.ActiveCfg = Release|Any CPU
		{9A6CA58A-F870-4594-BE45-F6A770266BC1}.Release|Any CPU.Build.0 = Release|Any CPU
		{FF2F51B1-57A0-4775-A7F9-FDB8D797B384}.Debug|Any CPU.ActiveCfg = Debug|Any CPU
		{FF2F51B1-57A0-4775-A7F9-FDB8D797B384}.Debug|Any CPU.Build.0 = Debug|Any CPU
		{FF2F51B1-57A0-4775-A7F9-FDB8D797B384}.Release|Any CPU.ActiveCfg = Release|Any CPU
		{FF2F51B1-57A0-4775-A7F9-FDB8D797B384}.Release|Any CPU.Build.0 = Release|Any CPU
		{17A8CB32-0698-432A-8A0D-2F17B120F703}.Debug|Any CPU.ActiveCfg = Debug|Any CPU
		{17A8CB32-0698-432A-8A0D-2F17B120F703}.Debug|Any CPU.Build.0 = Debug|Any CPU
		{17A8CB32-0698-432A-8A0D-2F17B120F703}.Release|Any CPU.ActiveCfg = Release|Any CPU
		{17A8CB32-0698-432A-8A0D-2F17B120F703}.Release|Any CPU.Build.0 = Release|Any CPU
		{10F890B4-3442-4CDA-AC75-60F3651A7249}.Debug|Any CPU.ActiveCfg = Debug|Any CPU
		{10F890B4-3442-4CDA-AC75-60F3651A7249}.Debug|Any CPU.Build.0 = Debug|Any CPU
		{10F890B4-3442-4CDA-AC75-60F3651A7249}.Release|Any CPU.ActiveCfg = Release|Any CPU
		{10F890B4-3442-4CDA-AC75-60F3651A7249}.Release|Any CPU.Build.0 = Release|Any CPU
		{275A7880-6916-4BA9-9252-26BD0B43D10A}.Debug|Any CPU.ActiveCfg = Debug|Any CPU
		{275A7880-6916-4BA9-9252-26BD0B43D10A}.Debug|Any CPU.Build.0 = Debug|Any CPU
		{275A7880-6916-4BA9-9252-26BD0B43D10A}.Release|Any CPU.ActiveCfg = Release|Any CPU
		{275A7880-6916-4BA9-9252-26BD0B43D10A}.Release|Any CPU.Build.0 = Release|Any CPU
		{B5666D5C-30CC-429C-9620-9ECC777C3449}.Debug|Any CPU.ActiveCfg = Debug|Any CPU
		{B5666D5C-30CC-429C-9620-9ECC777C3449}.Debug|Any CPU.Build.0 = Debug|Any CPU
		{B5666D5C-30CC-429C-9620-9ECC777C3449}.Release|Any CPU.ActiveCfg = Release|Any CPU
		{B5666D5C-30CC-429C-9620-9ECC777C3449}.Release|Any CPU.Build.0 = Release|Any CPU
		{6B31E772-ED15-43CF-98E6-5D7BEEB297EA}.Debug|Any CPU.ActiveCfg = Debug|Any CPU
		{6B31E772-ED15-43CF-98E6-5D7BEEB297EA}.Debug|Any CPU.Build.0 = Debug|Any CPU
		{6B31E772-ED15-43CF-98E6-5D7BEEB297EA}.Release|Any CPU.ActiveCfg = Release|Any CPU
		{6B31E772-ED15-43CF-98E6-5D7BEEB297EA}.Release|Any CPU.Build.0 = Release|Any CPU
	EndGlobalSection
	GlobalSection(SolutionProperties) = preSolution
		HideSolutionNode = FALSE
	EndGlobalSection
	GlobalSection(NestedProjects) = preSolution
		{D7D65602-7B00-44AC-95FF-25A6F54E41B0} = {8313890C-47D1-46EF-A972-07CC9FD1EA9B}
		{20F89AD6-42AA-4DAB-AEBC-26992EB239AD} = {60E34C9F-5D39-410E-8EB0-79B3B4026354}
		{9A6CA58A-F870-4594-BE45-F6A770266BC1} = {A9C918E8-1E45-4DAC-AF86-5E2CBD01FD8F}
		{FF2F51B1-57A0-4775-A7F9-FDB8D797B384} = {60E34C9F-5D39-410E-8EB0-79B3B4026354}
		{17A8CB32-0698-432A-8A0D-2F17B120F703} = {A9C918E8-1E45-4DAC-AF86-5E2CBD01FD8F}
		{10F890B4-3442-4CDA-AC75-60F3651A7249} = {60E34C9F-5D39-410E-8EB0-79B3B4026354}
		{275A7880-6916-4BA9-9252-26BD0B43D10A} = {60E34C9F-5D39-410E-8EB0-79B3B4026354}
		{B5666D5C-30CC-429C-9620-9ECC777C3449} = {60E34C9F-5D39-410E-8EB0-79B3B4026354}
		{6B31E772-ED15-43CF-98E6-5D7BEEB297EA} = {60E34C9F-5D39-410E-8EB0-79B3B4026354}
	EndGlobalSection
EndGlobal
