
Microsoft Visual Studio Solution File, Format Version 12.00
# Visual Studio 14
VisualStudioVersion = 14.0.25420.1
MinimumVisualStudioVersion = 10.0.40219.1
Project("{FAE04EC0-301F-11D3-BF4B-00C04F79EFBC}") = "Core", "Core\Core.csproj", "{D7D65602-7B00-44AC-95FF-25A6F54E41B0}"
EndProject
Project("{FAE04EC0-301F-11D3-BF4B-00C04F79EFBC}") = "WebUI", "WebUI\WebUI.csproj", "{20F89AD6-42AA-4DAB-AEBC-26992EB239AD}"
EndProject
Project("{FAE04EC0-301F-11D3-BF4B-00C04F79EFBC}") = "Database", "Database\Database.csproj", "{B5666D5C-30CC-429C-9620-9ECC777C3449}"
EndProject
Project("{FAE04EC0-301F-11D3-BF4B-00C04F79EFBC}") = "IntegrationTests", "IntegrationTests\IntegrationTests.csproj", "{9A6CA58A-F870-4594-BE45-F6A770266BC1}"
EndProject
Project("{2150E333-8FDC-42A3-9474-1A3956D46DE8}") = "BusinessRules", "BusinessRules", "{92F609C8-35FB-4449-BDA4-ACE75CB8DF32}"
EndProject
Project("{2150E333-8FDC-42A3-9474-1A3956D46DE8}") = "External", "External", "{32996A34-D9A1-46E7-93B7-D82BB8AE9ADC}"
EndProject
Project("{2150E333-8FDC-42A3-9474-1A3956D46DE8}") = "Tests", "Tests", "{7FB410EF-C3B0-4368-844E-871087474952}"
EndProject
Project("{FAE04EC0-301F-11D3-BF4B-00C04F79EFBC}") = "UnitTests", "UnitTests\UnitTests.csproj", "{2385024F-B12F-4A9C-AE4D-222BD480CDB0}"
EndProject
Project("{FAE04EC0-301F-11D3-BF4B-00C04F79EFBC}") = "Build", "Build\Build.csproj", "{541D2849-0514-4411-B217-EA440F90435C}"
EndProject
Global
	GlobalSection(SolutionConfigurationPlatforms) = preSolution
		Debug|Any CPU = Debug|Any CPU
		Release|Any CPU = Release|Any CPU
	EndGlobalSection
	GlobalSection(ProjectConfigurationPlatforms) = postSolution
		{D7D65602-7B00-44AC-95FF-25A6F54E41B0}.Debug|Any CPU.ActiveCfg = Debug|Any CPU
		{D7D65602-7B00-44AC-95FF-25A6F54E41B0}.Debug|Any CPU.Build.0 = Debug|Any CPU
		{D7D65602-7B00-44AC-95FF-25A6F54E41B0}.Release|Any CPU.ActiveCfg = Release|Any CPU
		{D7D65602-7B00-44AC-95FF-25A6F54E41B0}.Release|Any CPU.Build.0 = Release|Any CPU
		{20F89AD6-42AA-4DAB-AEBC-26992EB239AD}.Debug|Any CPU.ActiveCfg = Debug|Any CPU
		{20F89AD6-42AA-4DAB-AEBC-26992EB239AD}.Debug|Any CPU.Build.0 = Debug|Any CPU
		{20F89AD6-42AA-4DAB-AEBC-26992EB239AD}.Release|Any CPU.ActiveCfg = Release|Any CPU
		{20F89AD6-42AA-4DAB-AEBC-26992EB239AD}.Release|Any CPU.Build.0 = Release|Any CPU
		{B5666D5C-30CC-429C-9620-9ECC777C3449}.Debug|Any CPU.ActiveCfg = Debug|Any CPU
		{B5666D5C-30CC-429C-9620-9ECC777C3449}.Debug|Any CPU.Build.0 = Debug|Any CPU
		{B5666D5C-30CC-429C-9620-9ECC777C3449}.Release|Any CPU.ActiveCfg = Release|Any CPU
		{B5666D5C-30CC-429C-9620-9ECC777C3449}.Release|Any CPU.Build.0 = Release|Any CPU
		{9A6CA58A-F870-4594-BE45-F6A770266BC1}.Debug|Any CPU.ActiveCfg = Debug|Any CPU
		{9A6CA58A-F870-4594-BE45-F6A770266BC1}.Debug|Any CPU.Build.0 = Debug|Any CPU
		{9A6CA58A-F870-4594-BE45-F6A770266BC1}.Release|Any CPU.ActiveCfg = Release|Any CPU
		{9A6CA58A-F870-4594-BE45-F6A770266BC1}.Release|Any CPU.Build.0 = Release|Any CPU
		{2385024F-B12F-4A9C-AE4D-222BD480CDB0}.Debug|Any CPU.ActiveCfg = Debug|Any CPU
		{2385024F-B12F-4A9C-AE4D-222BD480CDB0}.Debug|Any CPU.Build.0 = Debug|Any CPU
		{2385024F-B12F-4A9C-AE4D-222BD480CDB0}.Release|Any CPU.ActiveCfg = Release|Any CPU
		{2385024F-B12F-4A9C-AE4D-222BD480CDB0}.Release|Any CPU.Build.0 = Release|Any CPU
		{541D2849-0514-4411-B217-EA440F90435C}.Debug|Any CPU.ActiveCfg = Debug|Any CPU
		{541D2849-0514-4411-B217-EA440F90435C}.Debug|Any CPU.Build.0 = Debug|Any CPU
		{541D2849-0514-4411-B217-EA440F90435C}.Release|Any CPU.ActiveCfg = Release|Any CPU
		{541D2849-0514-4411-B217-EA440F90435C}.Release|Any CPU.Build.0 = Release|Any CPU
	EndGlobalSection
	GlobalSection(SolutionProperties) = preSolution
		HideSolutionNode = FALSE
	EndGlobalSection
	GlobalSection(NestedProjects) = preSolution
		{D7D65602-7B00-44AC-95FF-25A6F54E41B0} = {92F609C8-35FB-4449-BDA4-ACE75CB8DF32}
		{20F89AD6-42AA-4DAB-AEBC-26992EB239AD} = {32996A34-D9A1-46E7-93B7-D82BB8AE9ADC}
		{B5666D5C-30CC-429C-9620-9ECC777C3449} = {32996A34-D9A1-46E7-93B7-D82BB8AE9ADC}
		{9A6CA58A-F870-4594-BE45-F6A770266BC1} = {7FB410EF-C3B0-4368-844E-871087474952}
		{2385024F-B12F-4A9C-AE4D-222BD480CDB0} = {7FB410EF-C3B0-4368-844E-871087474952}
		{541D2849-0514-4411-B217-EA440F90435C} = {32996A34-D9A1-46E7-93B7-D82BB8AE9ADC}
	EndGlobalSection
EndGlobal
